
Microsoft Visual Studio Solution File, Format Version 12.00
# Visual Studio Version 17
VisualStudioVersion = 17.8.34408.163
MinimumVisualStudioVersion = 10.0.40219.1
Project("{FAE04EC0-301F-11D3-BF4B-00C04F79EFBC}") = "SimpleBank2", "SimpleBank2\SimpleBank2.csproj", "{192194C8-92DE-4E81-951F-ED91BB015444}"
EndProject
Project("{FAE04EC0-301F-11D3-BF4B-00C04F79EFBC}") = "AccountsTest", "AccountsTest\AccountsTest.csproj", "{DDB2EE3B-2421-4DDB-9848-A11E133D26C9}"
EndProject
Global
	GlobalSection(SolutionConfigurationPlatforms) = preSolution
		Debug|Any CPU = Debug|Any CPU
		Release|Any CPU = Release|Any CPU
	EndGlobalSection
	GlobalSection(ProjectConfigurationPlatforms) = postSolution
		{192194C8-92DE-4E81-951F-ED91BB015444}.Debug|Any CPU.ActiveCfg = Debug|Any CPU
		{192194C8-92DE-4E81-951F-ED91BB015444}.Debug|Any CPU.Build.0 = Debug|Any CPU
		{192194C8-92DE-4E81-951F-ED91BB015444}.Release|Any CPU.ActiveCfg = Release|Any CPU
		{192194C8-92DE-4E81-951F-ED91BB015444}.Release|Any CPU.Build.0 = Release|Any CPU
		{DDB2EE3B-2421-4DDB-9848-A11E133D26C9}.Debug|Any CPU.ActiveCfg = Debug|Any CPU
		{DDB2EE3B-2421-4DDB-9848-A11E133D26C9}.Debug|Any CPU.Build.0 = Debug|Any CPU
		{DDB2EE3B-2421-4DDB-9848-A11E133D26C9}.Release|Any CPU.ActiveCfg = Release|Any CPU
		{DDB2EE3B-2421-4DDB-9848-A11E133D26C9}.Release|Any CPU.Build.0 = Release|Any CPU
	EndGlobalSection
	GlobalSection(SolutionProperties) = preSolution
		HideSolutionNode = FALSE
	EndGlobalSection
	GlobalSection(ExtensibilityGlobals) = postSolution
		SolutionGuid = {328AB81B-E5C0-4ED4-96FD-0E33C1DBA5D7}
	EndGlobalSection
EndGlobal
